{
  "object": {
    "pins": [
      {
        "package": "Colorizer",
        "repositoryURL": "https://github.com/getGuaka/Colorizer.git",
        "state": {
          "branch": null,
          "revision": "2ccc99bf1715e73c4139e8d40b6e6b30be975586",
          "version": "0.2.1"
        }
      },
      {
        "package": "swift-argument-parser",
        "repositoryURL": "https://github.com/apple/swift-argument-parser.git",
        "state": {
          "branch": null,
          "revision": "6b2aa2748a7881eebb9f84fb10c01293e15b52ca",
          "version": "0.5.0"
        }
      },
      {
        "package": "xcbeautify",
        "repositoryURL": "https://github.com/thii/xcbeautify",
        "state": {
          "branch": null,
          "revision": "21c64495bb3eb9a46ecc9b5eea056d06383eb17c",
          "version": "0.9.1"
        }
      }
    ]
  },
  "version": 1
}
