PODS:
  - Gedatsu (1.2.0)
  - R.swift (5.2.2):
    - R.swift.Library (~> 5.2.0)
  - R.swift.Library (5.2.0)
  - SwiftPrettyPrint (1.0.0)

DEPENDENCIES:
  - Gedatsu
  - R.swift
  - SwiftPrettyPrint

SPEC REPOS:
  trunk:
    - Gedatsu
    - R.swift
    - R.swift.Library
    - SwiftPrettyPrint

SPEC CHECKSUMS:
  Gedatsu: 13a21a3cbf7978f9ff671eca5715b94a4309d9a8
  R.swift: 7c52cdc57a66840ffe6cbd8a823d732059d42a32
  R.swift.Library: 5ba4f1631300caf9a4d890186930da85d540769d
  SwiftPrettyPrint: 02010eb68c416300eb9d0d0dccafa82b5856466a

PODFILE CHECKSUM: f92e6c357c9b893d9426f0541709ddda78acbb01

COCOAPODS: 1.9.3
