PODS:
  - R.swift (5.1.0):
    - R.swift.Library (~> 5.1.0)
  - R.swift.Library (5.1.0)

DEPENDENCIES:
  - R.swift

SPEC REPOS:
  trunk:
    - R.swift
    - R.swift.Library

SPEC CHECKSUMS:
  R.swift: 8cbc4fc69b740305b6a17c8a8ed968eb788962d9
  R.swift.Library: fa85ce1e0d0b7e818cd9e080df910ba54d2776cc

PODFILE CHECKSUM: c60b1eb0673ce9d0f92e6bd0faf1c8cea06eae50

COCOAPODS: 1.9.0
