{
  "object": {
    "pins": [
      {
        "package": "Mockolo",
        "repositoryURL": "https://github.com/uhooi/mockolo",
        "state": {
          "branch": null,
          "revision": "077f09bc5dc304c68336321bf08675d257fc2bf7",
          "version": "1.4.0"
        }
      },
      {
        "package": "swift-argument-parser",
        "repositoryURL": "https://github.com/apple/swift-argument-parser",
        "state": {
          "branch": null,
          "revision": "223d62adc52d51669ae2ee19bdb8b7d9fd6fcd9c",
          "version": "0.0.6"
        }
      },
      {
        "package": "SwiftSyntax",
        "repositoryURL": "https://github.com/apple/swift-syntax.git",
        "state": {
          "branch": null,
          "revision": "2fff9fc25cdc059379b6bd309377cfab45d8520c",
          "version": "0.50400.0"
        }
      },
      {
        "package": "swift-tools-support-core",
        "repositoryURL": "https://github.com/apple/swift-tools-support-core.git",
        "state": {
          "branch": null,
          "revision": "81e2cda46447b4d78c18e03b0d284d76950f7c2b",
          "version": "0.1.5"
        }
      }
    ]
  },
  "version": 1
}
