{
  "object": {
    "pins": [
      {
        "package": "APIKit",
        "repositoryURL": "https://github.com/ishkawa/APIKit.git",
        "state": {
          "branch": null,
          "revision": "4e7f42d93afb787b0bc502171f9b5c12cf49d0ca",
          "version": "5.3.0"
        }
      },
      {
        "package": "Colorizer",
        "repositoryURL": "https://github.com/getGuaka/Colorizer.git",
        "state": {
          "branch": null,
          "revision": "2ccc99bf1715e73c4139e8d40b6e6b30be975586",
          "version": "0.2.1"
        }
      },
      {
        "package": "Commandant",
        "repositoryURL": "https://github.com/Carthage/Commandant.git",
        "state": {
          "branch": null,
          "revision": "ab68611013dec67413628ac87c1f29e8427bc8e4",
          "version": "0.17.0"
        }
      },
      {
        "package": "HeliumLogger",
        "repositoryURL": "https://github.com/Kitura/HeliumLogger.git",
        "state": {
          "branch": null,
          "revision": "55fd2f0b70793017acee853c53cfcf8da0bd8d8d",
          "version": "1.9.200"
        }
      },
      {
        "package": "IBDecodable",
        "repositoryURL": "https://github.com/IBDecodable/IBDecodable.git",
        "state": {
          "branch": null,
          "revision": "4b31d99845357ccc55586e23a523cc3515aabdfa",
          "version": "0.4.3"
        }
      },
      {
        "package": "IBLinter",
        "repositoryURL": "https://github.com/IBDecodable/IBLinter",
        "state": {
          "branch": null,
          "revision": "2633cb882bda66846742f09eabc6f09f250c7e7c",
          "version": "0.4.27"
        }
      },
      {
        "package": "LicensePlist",
        "repositoryURL": "https://github.com/mono0926/LicensePlist",
        "state": {
          "branch": null,
          "revision": "22d5de3a45008f5c366bea25e5279e49d3a3f3fd",
          "version": "3.14.4"
        }
      },
      {
        "package": "LoggerAPI",
        "repositoryURL": "https://github.com/Kitura/LoggerAPI.git",
        "state": {
          "branch": null,
          "revision": "e82d34eab3f0b05391082b11ea07d3b70d2f65bb",
          "version": "1.9.200"
        }
      },
      {
        "package": "Mockolo",
        "repositoryURL": "https://github.com/uber/mockolo",
        "state": {
          "branch": null,
          "revision": "f9110ced9267927600e415034499ae0e63d47f7b",
          "version": "1.6.2"
        }
      },
      {
        "package": "Nimble",
        "repositoryURL": "https://github.com/Quick/Nimble.git",
        "state": {
          "branch": null,
          "revision": "7a46a5fc86cb917f69e3daf79fcb045283d8f008",
          "version": "8.1.2"
        }
      },
      {
        "package": "Quick",
        "repositoryURL": "https://github.com/Quick/Quick.git",
        "state": {
          "branch": null,
          "revision": "09b3becb37cb2163919a3842a4c5fa6ec7130792",
          "version": "2.2.1"
        }
      },
      {
        "package": "SourceKitten",
        "repositoryURL": "https://github.com/jpsim/SourceKitten.git",
        "state": {
          "branch": null,
          "revision": "558628392eb31d37cb251cfe626c53eafd330df6",
          "version": "0.31.1"
        }
      },
      {
        "package": "SpellChecker",
        "repositoryURL": "https://github.com/fromkk/SpellChecker",
        "state": {
          "branch": null,
          "revision": "d1ffdd96acf9c117b7eefcb93b5b60aa1b0a4db9",
          "version": "0.1.0"
        }
      },
      {
        "package": "swift-argument-parser",
        "repositoryURL": "https://github.com/apple/swift-argument-parser.git",
        "state": {
          "branch": null,
          "revision": "e1465042f195f374b94f915ba8ca49de24300a0d",
          "version": "1.0.2"
        }
      },
      {
        "package": "HTMLEntities",
        "repositoryURL": "https://github.com/Kitura/swift-html-entities.git",
        "state": {
          "branch": null,
          "revision": "2b14531d0c36dbb7c1c45a4d38db9c2e7898a307",
          "version": "3.0.200"
        }
      },
      {
        "package": "swift-log",
        "repositoryURL": "https://github.com/apple/swift-log.git",
        "state": {
          "branch": null,
          "revision": "5d66f7ba25daf4f94100e7022febf3c75e37a6c7",
          "version": "1.4.2"
        }
      },
      {
        "package": "SwiftSyntax",
        "repositoryURL": "https://github.com/apple/swift-syntax.git",
        "state": {
          "branch": null,
          "revision": "75e60475d9d8fd5bbc16a12e0eaa2cb01b0c322e",
          "version": "0.50500.0"
        }
      },
      {
        "package": "swift-tools-support-core",
        "repositoryURL": "https://github.com/apple/swift-tools-support-core.git",
        "state": {
          "branch": null,
          "revision": "3b6b97d612b56e25d80d0807f5bc38ea08b7bdf3",
          "version": "0.2.3"
        }
      },
      {
        "package": "SwiftLint",
        "repositoryURL": "https://github.com/realm/SwiftLint",
        "state": {
          "branch": null,
          "revision": "99465e659fb91facab5b1d3c0f9229176d086bf1",
          "version": "0.45.0"
        }
      },
      {
        "package": "SwiftyTextTable",
        "repositoryURL": "https://github.com/scottrhoyt/SwiftyTextTable.git",
        "state": {
          "branch": null,
          "revision": "c6df6cf533d120716bff38f8ff9885e1ce2a4ac3",
          "version": "0.9.0"
        }
      },
      {
        "package": "SWXMLHash",
        "repositoryURL": "https://github.com/drmohundro/SWXMLHash.git",
        "state": {
          "branch": null,
          "revision": "9183170d20857753d4f331b0ca63f73c60764bf3",
          "version": "5.0.2"
        }
      },
      {
        "package": "xcbeautify",
        "repositoryURL": "https://github.com/tuist/xcbeautify",
        "state": {
          "branch": null,
          "revision": "b14660cc03d96889d2144265fbca471ea0076e40",
          "version": "0.11.0"
        }
      },
      {
        "package": "XcodeProjKit",
        "repositoryURL": "https://github.com/phimage/XcodeProjKit.git",
        "state": {
          "branch": null,
          "revision": "680db38d06462f9242a789d529a3e2a75c882365",
          "version": "2.3.0"
        }
      },
      {
        "package": "XMLCoder",
        "repositoryURL": "https://github.com/MaxDesiatov/XMLCoder.git",
        "state": {
          "branch": null,
          "revision": "f30119af03996939cc4f54e0bf0dda9f88a84da5",
          "version": "0.13.1"
        }
      },
      {
        "package": "Yaml",
        "repositoryURL": "https://github.com/behrang/YamlSwift.git",
        "state": {
          "branch": null,
          "revision": "287f5cab7da0d92eb947b5fd8151b203ae04a9a3",
          "version": "3.4.4"
        }
      },
      {
        "package": "Yams",
        "repositoryURL": "https://github.com/jpsim/Yams.git",
        "state": {
          "branch": null,
          "revision": "9ff1cc9327586db4e0c8f46f064b6a82ec1566fa",
          "version": "4.0.6"
        }
      }
    ]
  },
  "version": 1
}
