{
  "pins" : [
    {
      "identity" : "swift-syntax",
      "kind" : "remoteSourceControl",
      "location" : "https://github.com/apple/swift-syntax.git",
      "state" : {
        "revision" : "74203046135342e4a4a627476dd6caf8b28fe11b",
        "version" : "509.0.0"
      }
    },
    {
      "identity" : "swift-testing",
      "kind" : "remoteSourceControl",
      "location" : "https://github.com/apple/swift-testing.git",
      "state" : {
        "branch" : "main",
        "revision" : "70f5963165929efa473522f8063e1590f85b3b9c"
      }
    }
  ],
  "version" : 2
}
